
Microsoft Visual Studio Solution File, Format Version 12.00
# Visual Studio Version 16
VisualStudioVersion = 16.0.31424.327
MinimumVisualStudioVersion = 10.0.40219.1
Project("{FAE04EC0-301F-11D3-BF4B-00C04F79EFBC}") = "RazorPagesMovie", "RazorPagesMovie\RazorPagesMovie.csproj", "{53B257BF-2383-47D1-BBE8-547D7C365EDC}"
EndProject
Global
	GlobalSection(SolutionConfigurationPlatforms) = preSolution
		Debug|Any CPU = Debug|Any CPU
		Release|Any CPU = Release|Any CPU
	EndGlobalSection
	GlobalSection(ProjectConfigurationPlatforms) = postSolution
		{53B257BF-2383-47D1-BBE8-547D7C365EDC}.Debug|Any CPU.ActiveCfg = Debug|Any CPU
		{53B257BF-2383-47D1-BBE8-547D7C365EDC}.Debug|Any CPU.Build.0 = Debug|Any CPU
		{53B257BF-2383-47D1-BBE8-547D7C365EDC}.Release|Any CPU.ActiveCfg = Release|Any CPU
		{53B257BF-2383-47D1-BBE8-547D7C365EDC}.Release|Any CPU.Build.0 = Release|Any CPU
	EndGlobalSection
	GlobalSection(SolutionProperties) = preSolution
		HideSolutionNode = FALSE
	EndGlobalSection
	GlobalSection(ExtensibilityGlobals) = postSolution
		SolutionGuid = {85C6E19A-D21F-4CFD-B859-2CFFEF4EB699}
	EndGlobalSection
EndGlobal
