
Microsoft Visual Studio Solution File, Format Version 12.00
# Visual Studio Version 16
VisualStudioVersion = 16.0.31019.35
MinimumVisualStudioVersion = 10.0.40219.1
Project("{FAE04EC0-301F-11D3-BF4B-00C04F79EFBC}") = "CSharpPractice", "CSharpPractice\CSharpPractice.csproj", "{66573EFF-E18B-4F5C-8187-B90E858E049F}"
EndProject
Global
	GlobalSection(SolutionConfigurationPlatforms) = preSolution
		Debug|Any CPU = Debug|Any CPU
		Release|Any CPU = Release|Any CPU
	EndGlobalSection
	GlobalSection(ProjectConfigurationPlatforms) = postSolution
		{66573EFF-E18B-4F5C-8187-B90E858E049F}.Debug|Any CPU.ActiveCfg = Debug|Any CPU
		{66573EFF-E18B-4F5C-8187-B90E858E049F}.Debug|Any CPU.Build.0 = Debug|Any CPU
		{66573EFF-E18B-4F5C-8187-B90E858E049F}.Release|Any CPU.ActiveCfg = Release|Any CPU
		{66573EFF-E18B-4F5C-8187-B90E858E049F}.Release|Any CPU.Build.0 = Release|Any CPU
	EndGlobalSection
	GlobalSection(SolutionProperties) = preSolution
		HideSolutionNode = FALSE
	EndGlobalSection
	GlobalSection(ExtensibilityGlobals) = postSolution
		SolutionGuid = {C201CEF0-D5CC-425E-8030-38164D71B451}
	EndGlobalSection
EndGlobal
