
Microsoft Visual Studio Solution File, Format Version 12.00
# Visual Studio Version 16
VisualStudioVersion = 16.0.31424.327
MinimumVisualStudioVersion = 10.0.40219.1
Project("{FAE04EC0-301F-11D3-BF4B-00C04F79EFBC}") = "Breakstatement", "Breakstatement\Breakstatement.csproj", "{79CE2491-9638-4A50-8844-AE44448F80F4}"
EndProject
Global
	GlobalSection(SolutionConfigurationPlatforms) = preSolution
		Debug|Any CPU = Debug|Any CPU
		Release|Any CPU = Release|Any CPU
	EndGlobalSection
	GlobalSection(ProjectConfigurationPlatforms) = postSolution
		{79CE2491-9638-4A50-8844-AE44448F80F4}.Debug|Any CPU.ActiveCfg = Debug|Any CPU
		{79CE2491-9638-4A50-8844-AE44448F80F4}.Debug|Any CPU.Build.0 = Debug|Any CPU
		{79CE2491-9638-4A50-8844-AE44448F80F4}.Release|Any CPU.ActiveCfg = Release|Any CPU
		{79CE2491-9638-4A50-8844-AE44448F80F4}.Release|Any CPU.Build.0 = Release|Any CPU
	EndGlobalSection
	GlobalSection(SolutionProperties) = preSolution
		HideSolutionNode = FALSE
	EndGlobalSection
	GlobalSection(ExtensibilityGlobals) = postSolution
		SolutionGuid = {106CEE2F-3B7D-4876-8BB1-E58F54DBD2F1}
	EndGlobalSection
EndGlobal
